
Microsoft Visual Studio Solution File, Format Version 12.00
# Visual Studio 14
VisualStudioVersion = 14.0.25420.1
MinimumVisualStudioVersion = 10.0.40219.1
Project("{FAE04EC0-301F-11D3-BF4B-00C04F79EFBC}") = "APPPInCSharp_FactoryPattern.Console", "APPPInCSharp_FactoryPattern.Console\APPPInCSharp_FactoryPattern.Console.csproj", "{1F807F35-CDD2-48E6-8DB4-D1173DBD7493}"
EndProject
Project("{FAE04EC0-301F-11D3-BF4B-00C04F79EFBC}") = "APPPInCSharp_FactoryPattern.UnitTests", "APPPInCSharp_FactoryPattern.UnitTests\APPPInCSharp_FactoryPattern.UnitTests.csproj", "{82E51F0D-DA88-4EBA-915C-0CBCB9FC54AC}"
EndProject
Global
	GlobalSection(SolutionConfigurationPlatforms) = preSolution
		Debug|Any CPU = Debug|Any CPU
		Release|Any CPU = Release|Any CPU
	EndGlobalSection
	GlobalSection(ProjectConfigurationPlatforms) = postSolution
		{1F807F35-CDD2-48E6-8DB4-D1173DBD7493}.Debug|Any CPU.ActiveCfg = Debug|Any CPU
		{1F807F35-CDD2-48E6-8DB4-D1173DBD7493}.Debug|Any CPU.Build.0 = Debug|Any CPU
		{1F807F35-CDD2-48E6-8DB4-D1173DBD7493}.Release|Any CPU.ActiveCfg = Release|Any CPU
		{1F807F35-CDD2-48E6-8DB4-D1173DBD7493}.Release|Any CPU.Build.0 = Release|Any CPU
		{82E51F0D-DA88-4EBA-915C-0CBCB9FC54AC}.Debug|Any CPU.ActiveCfg = Debug|Any CPU
		{82E51F0D-DA88-4EBA-915C-0CBCB9FC54AC}.Debug|Any CPU.Build.0 = Debug|Any CPU
		{82E51F0D-DA88-4EBA-915C-0CBCB9FC54AC}.Release|Any CPU.ActiveCfg = Release|Any CPU
		{82E51F0D-DA88-4EBA-915C-0CBCB9FC54AC}.Release|Any CPU.Build.0 = Release|Any CPU
	EndGlobalSection
	GlobalSection(SolutionProperties) = preSolution
		HideSolutionNode = FALSE
	EndGlobalSection
EndGlobal
